
Microsoft Visual Studio Solution File, Format Version 12.00
# Visual Studio 15
VisualStudioVersion = 15.0.26124.0
MinimumVisualStudioVersion = 15.0.26124.0
Project("{FAE04EC0-301F-11D3-BF4B-00C04F79EFBC}") = "PlayFut", "PlayFut\PlayFut.csproj", "{93F552CE-0D39-43DA-AF92-C7ED82A95565}"
EndProject
Project("{FAE04EC0-301F-11D3-BF4B-00C04F79EFBC}") = "PlayFut.Library", "PlayFut.Library\PlayFut.Library.csproj", "{6A75B631-3EAB-4795-9333-13C58F7249FD}"
EndProject
Global
	GlobalSection(SolutionConfigurationPlatforms) = preSolution
		Debug|Any CPU = Debug|Any CPU
		Debug|x64 = Debug|x64
		Debug|x86 = Debug|x86
		Release|Any CPU = Release|Any CPU
		Release|x64 = Release|x64
		Release|x86 = Release|x86
	EndGlobalSection
	GlobalSection(SolutionProperties) = preSolution
		HideSolutionNode = FALSE
	EndGlobalSection
	GlobalSection(ProjectConfigurationPlatforms) = postSolution
		{93F552CE-0D39-43DA-AF92-C7ED82A95565}.Debug|Any CPU.ActiveCfg = Debug|Any CPU
		{93F552CE-0D39-43DA-AF92-C7ED82A95565}.Debug|Any CPU.Build.0 = Debug|Any CPU
		{93F552CE-0D39-43DA-AF92-C7ED82A95565}.Debug|x64.ActiveCfg = Debug|Any CPU
		{93F552CE-0D39-43DA-AF92-C7ED82A95565}.Debug|x64.Build.0 = Debug|Any CPU
		{93F552CE-0D39-43DA-AF92-C7ED82A95565}.Debug|x86.ActiveCfg = Debug|Any CPU
		{93F552CE-0D39-43DA-AF92-C7ED82A95565}.Debug|x86.Build.0 = Debug|Any CPU
		{93F552CE-0D39-43DA-AF92-C7ED82A95565}.Release|Any CPU.ActiveCfg = Release|Any CPU
		{93F552CE-0D39-43DA-AF92-C7ED82A95565}.Release|Any CPU.Build.0 = Release|Any CPU
		{93F552CE-0D39-43DA-AF92-C7ED82A95565}.Release|x64.ActiveCfg = Release|Any CPU
		{93F552CE-0D39-43DA-AF92-C7ED82A95565}.Release|x64.Build.0 = Release|Any CPU
		{93F552CE-0D39-43DA-AF92-C7ED82A95565}.Release|x86.ActiveCfg = Release|Any CPU
		{93F552CE-0D39-43DA-AF92-C7ED82A95565}.Release|x86.Build.0 = Release|Any CPU
		{6A75B631-3EAB-4795-9333-13C58F7249FD}.Debug|Any CPU.ActiveCfg = Debug|Any CPU
		{6A75B631-3EAB-4795-9333-13C58F7249FD}.Debug|Any CPU.Build.0 = Debug|Any CPU
		{6A75B631-3EAB-4795-9333-13C58F7249FD}.Debug|x64.ActiveCfg = Debug|Any CPU
		{6A75B631-3EAB-4795-9333-13C58F7249FD}.Debug|x64.Build.0 = Debug|Any CPU
		{6A75B631-3EAB-4795-9333-13C58F7249FD}.Debug|x86.ActiveCfg = Debug|Any CPU
		{6A75B631-3EAB-4795-9333-13C58F7249FD}.Debug|x86.Build.0 = Debug|Any CPU
		{6A75B631-3EAB-4795-9333-13C58F7249FD}.Release|Any CPU.ActiveCfg = Release|Any CPU
		{6A75B631-3EAB-4795-9333-13C58F7249FD}.Release|Any CPU.Build.0 = Release|Any CPU
		{6A75B631-3EAB-4795-9333-13C58F7249FD}.Release|x64.ActiveCfg = Release|Any CPU
		{6A75B631-3EAB-4795-9333-13C58F7249FD}.Release|x64.Build.0 = Release|Any CPU
		{6A75B631-3EAB-4795-9333-13C58F7249FD}.Release|x86.ActiveCfg = Release|Any CPU
		{6A75B631-3EAB-4795-9333-13C58F7249FD}.Release|x86.Build.0 = Release|Any CPU
	EndGlobalSection
EndGlobal
